
Microsoft Visual Studio Solution File, Format Version 12.00
# Visual Studio 15
VisualStudioVersion = 15.0.27130.2026
MinimumVisualStudioVersion = 10.0.40219.1
Project("{8BC9CEB8-8B4A-11D0-8D11-00A0C91BC942}") = "SigMaker", "SigMaker\SigMaker.vcxproj", "{60916877-60AB-4565-93BC-2D6097976D86}"
EndProject
Global
	GlobalSection(SolutionConfigurationPlatforms) = preSolution
		Debug|x64 = Debug|x64
		Debug64|x64 = Debug64|x64
		Release|x64 = Release|x64
		Release64|x64 = Release64|x64
	EndGlobalSection
	GlobalSection(ProjectConfigurationPlatforms) = postSolution
		{60916877-60AB-4565-93BC-2D6097976D86}.Debug|x64.ActiveCfg = Debug|x64
		{60916877-60AB-4565-93BC-2D6097976D86}.Debug|x64.Build.0 = Debug|x64
		{60916877-60AB-4565-93BC-2D6097976D86}.Debug64|x64.ActiveCfg = Debug64|x64
		{60916877-60AB-4565-93BC-2D6097976D86}.Debug64|x64.Build.0 = Debug64|x64
		{60916877-60AB-4565-93BC-2D6097976D86}.Release|x64.ActiveCfg = Release|x64
		{60916877-60AB-4565-93BC-2D6097976D86}.Release|x64.Build.0 = Release|x64
		{60916877-60AB-4565-93BC-2D6097976D86}.Release64|x64.ActiveCfg = Release64|x64
		{60916877-60AB-4565-93BC-2D6097976D86}.Release64|x64.Build.0 = Release64|x64
	EndGlobalSection
	GlobalSection(SolutionProperties) = preSolution
		HideSolutionNode = FALSE
	EndGlobalSection
	GlobalSection(ExtensibilityGlobals) = postSolution
		SolutionGuid = {802A9F2E-7038-472F-B090-4154959F470D}
	EndGlobalSection
EndGlobal
